// !$*UTF8*$!
{
	archiveVersion = 1;
	classes = {
	};
	objectVersion = 46;
	objects = {

/* Begin PBXBuildFile section */
		F5B3DA401B96B1280072A4F9 /* ItemFactory.swift in Sources */ = {isa = PBXBuildFile; fileRef = F5B3DA3F1B96B1280072A4F9 /* ItemFactory.swift */; };
		F5B3DA481B9CCF480072A4F9 /* BattleGraphic.swift in Sources */ = {isa = PBXBuildFile; fileRef = F5B3DA471B9CCF480072A4F9 /* BattleGraphic.swift */; };
		F5B67CE31B731BDC0036D56C /* SimpleDungeonTests.swift in Sources */ = {isa = PBXBuildFile; fileRef = F5B67CE21B731BDC0036D56C /* SimpleDungeonTests.swift */; };
		F5B67DE71B7327240036D56C /* AppDelegate.swift in Sources */ = {isa = PBXBuildFile; fileRef = F5B67DE31B7327240036D56C /* AppDelegate.swift */; };
		F5B67DE81B7327240036D56C /* BaseScene.swift in Sources */ = {isa = PBXBuildFile; fileRef = F5B67DE41B7327240036D56C /* BaseScene.swift */; };
		F5B67DE91B7327240036D56C /* GameViewController.swift in Sources */ = {isa = PBXBuildFile; fileRef = F5B67DE51B7327240036D56C /* GameViewController.swift */; };
		F5B67DEA1B7327240036D56C /* Notifier.swift in Sources */ = {isa = PBXBuildFile; fileRef = F5B67DE61B7327240036D56C /* Notifier.swift */; };
		F5B67DEF1B7327730036D56C /* TitleScene.swift in Sources */ = {isa = PBXBuildFile; fileRef = F5B67DEE1B7327730036D56C /* TitleScene.swift */; };
		F5B67DF11B7328760036D56C /* ExploreScene.swift in Sources */ = {isa = PBXBuildFile; fileRef = F5B67DF01B7328760036D56C /* ExploreScene.swift */; };
		F5B67DFB1B732AC40036D56C /* Grid.swift in Sources */ = {isa = PBXBuildFile; fileRef = F5B67DFA1B732AC40036D56C /* Grid.swift */; };
		F5B67DFD1B746F510036D56C /* TileSprite.swift in Sources */ = {isa = PBXBuildFile; fileRef = F5B67DFC1B746F510036D56C /* TileSprite.swift */; };
		F5B67DFF1B74760B0036D56C /* IPoint.swift in Sources */ = {isa = PBXBuildFile; fileRef = F5B67DFE1B74760B0036D56C /* IPoint.swift */; };
		F5B67E031B7477B30036D56C /* Entity.swift in Sources */ = {isa = PBXBuildFile; fileRef = F5B67E021B7477B30036D56C /* Entity.swift */; };
		F5B67E051B7479CC0036D56C /* Icons.xcassets in Resources */ = {isa = PBXBuildFile; fileRef = F5B67E041B7479CC0036D56C /* Icons.xcassets */; };
		F5B67E0A1B759C7E0036D56C /* CharacterResource.swift in Sources */ = {isa = PBXBuildFile; fileRef = F5B67E081B759C7E0036D56C /* CharacterResource.swift */; };
		F5B67E0B1B759C7E0036D56C /* DescriptiveStatistic.swift in Sources */ = {isa = PBXBuildFile; fileRef = F5B67E091B759C7E0036D56C /* DescriptiveStatistic.swift */; };
		F5B67E0D1B75B0CB0036D56C /* GameCharacter.swift in Sources */ = {isa = PBXBuildFile; fileRef = F5B67E0C1B75B0CB0036D56C /* GameCharacter.swift */; };
		F5B67E0F1B75B67B0036D56C /* Math.swift in Sources */ = {isa = PBXBuildFile; fileRef = F5B67E0E1B75B67B0036D56C /* Math.swift */; };
		F5B67E111B75BE300036D56C /* BattleScene.swift in Sources */ = {isa = PBXBuildFile; fileRef = F5B67E101B75BE300036D56C /* BattleScene.swift */; };
		F5B67E131B75C1060036D56C /* SceneController.swift in Sources */ = {isa = PBXBuildFile; fileRef = F5B67E121B75C1060036D56C /* SceneController.swift */; };
		F5B8803F1B86D30300AF7645 /* Skill.swift in Sources */ = {isa = PBXBuildFile; fileRef = F5B8803E1B86D30300AF7645 /* Skill.swift */; };
		F5B880411B89048100AF7645 /* SkillFactory.swift in Sources */ = {isa = PBXBuildFile; fileRef = F5B880401B89048100AF7645 /* SkillFactory.swift */; };
		F5D5B8921B779A4F0067BBD2 /* GameplayScene.swift in Sources */ = {isa = PBXBuildFile; fileRef = F5D5B8911B779A4F0067BBD2 /* GameplayScene.swift */; };
		F5D5B8941B77A8140067BBD2 /* GraphicComponent.swift in Sources */ = {isa = PBXBuildFile; fileRef = F5D5B8931B77A8140067BBD2 /* GraphicComponent.swift */; };
		F5D5B8961B77AACC0067BBD2 /* TouchSprite.swift in Sources */ = {isa = PBXBuildFile; fileRef = F5D5B8951B77AACC0067BBD2 /* TouchSprite.swift */; };
		F5D5B8981B78187F0067BBD2 /* Inventory.swift in Sources */ = {isa = PBXBuildFile; fileRef = F5D5B8971B78187F0067BBD2 /* Inventory.swift */; };
		F5D5B89A1B7818E50067BBD2 /* InventoryItem.swift in Sources */ = {isa = PBXBuildFile; fileRef = F5D5B8991B7818E50067BBD2 /* InventoryItem.swift */; };
		F5D5B89C1B7852050067BBD2 /* CharacterMenuScene.swift in Sources */ = {isa = PBXBuildFile; fileRef = F5D5B89B1B7852050067BBD2 /* CharacterMenuScene.swift */; };
		F5D5B89E1B7C532C0067BBD2 /* Battle.swift in Sources */ = {isa = PBXBuildFile; fileRef = F5D5B89D1B7C532C0067BBD2 /* Battle.swift */; };
/* End PBXBuildFile section */

/* Begin PBXContainerItemProxy section */
		F5B67CDD1B731BDC0036D56C /* PBXContainerItemProxy */ = {
			isa = PBXContainerItemProxy;
			containerPortal = F5B67CBB1B731BDC0036D56C /* Project object */;
			proxyType = 1;
			remoteGlobalIDString = F5B67CC21B731BDC0036D56C;
			remoteInfo = SimpleDungeon;
		};
/* End PBXContainerItemProxy section */

/* Begin PBXFileReference section */
		F5B3DA3F1B96B1280072A4F9 /* ItemFactory.swift */ = {isa = PBXFileReference; fileEncoding = 4; lastKnownFileType = sourcecode.swift; path = ItemFactory.swift; sourceTree = "<group>"; };
		F5B3DA471B9CCF480072A4F9 /* BattleGraphic.swift */ = {isa = PBXFileReference; fileEncoding = 4; lastKnownFileType = sourcecode.swift; path = BattleGraphic.swift; sourceTree = "<group>"; };
		F5B67CC31B731BDC0036D56C /* SimpleDungeon.app */ = {isa = PBXFileReference; explicitFileType = wrapper.application; includeInIndex = 0; path = SimpleDungeon.app; sourceTree = BUILT_PRODUCTS_DIR; };
		F5B67CC71B731BDC0036D56C /* Info.plist */ = {isa = PBXFileReference; lastKnownFileType = text.plist.xml; path = Info.plist; sourceTree = "<group>"; };
		F5B67CDC1B731BDC0036D56C /* SimpleDungeonTests.xctest */ = {isa = PBXFileReference; explicitFileType = wrapper.cfbundle; includeInIndex = 0; path = SimpleDungeonTests.xctest; sourceTree = BUILT_PRODUCTS_DIR; };
		F5B67CE11B731BDC0036D56C /* Info.plist */ = {isa = PBXFileReference; lastKnownFileType = text.plist.xml; path = Info.plist; sourceTree = "<group>"; };
		F5B67CE21B731BDC0036D56C /* SimpleDungeonTests.swift */ = {isa = PBXFileReference; lastKnownFileType = sourcecode.swift; path = SimpleDungeonTests.swift; sourceTree = "<group>"; };
		F5B67DE31B7327240036D56C /* AppDelegate.swift */ = {isa = PBXFileReference; fileEncoding = 4; lastKnownFileType = sourcecode.swift; path = AppDelegate.swift; sourceTree = "<group>"; };
		F5B67DE41B7327240036D56C /* BaseScene.swift */ = {isa = PBXFileReference; fileEncoding = 4; lastKnownFileType = sourcecode.swift; path = BaseScene.swift; sourceTree = "<group>"; };
		F5B67DE51B7327240036D56C /* GameViewController.swift */ = {isa = PBXFileReference; fileEncoding = 4; lastKnownFileType = sourcecode.swift; path = GameViewController.swift; sourceTree = "<group>"; };
		F5B67DE61B7327240036D56C /* Notifier.swift */ = {isa = PBXFileReference; fileEncoding = 4; lastKnownFileType = sourcecode.swift; path = Notifier.swift; sourceTree = "<group>"; };
		F5B67DEE1B7327730036D56C /* TitleScene.swift */ = {isa = PBXFileReference; fileEncoding = 4; lastKnownFileType = sourcecode.swift; path = TitleScene.swift; sourceTree = "<group>"; };
		F5B67DF01B7328760036D56C /* ExploreScene.swift */ = {isa = PBXFileReference; fileEncoding = 4; lastKnownFileType = sourcecode.swift; path = ExploreScene.swift; sourceTree = "<group>"; };
		F5B67DFA1B732AC40036D56C /* Grid.swift */ = {isa = PBXFileReference; fileEncoding = 4; lastKnownFileType = sourcecode.swift; path = Grid.swift; sourceTree = "<group>"; };
		F5B67DFC1B746F510036D56C /* TileSprite.swift */ = {isa = PBXFileReference; fileEncoding = 4; lastKnownFileType = sourcecode.swift; path = TileSprite.swift; sourceTree = "<group>"; };
		F5B67DFE1B74760B0036D56C /* IPoint.swift */ = {isa = PBXFileReference; fileEncoding = 4; lastKnownFileType = sourcecode.swift; path = IPoint.swift; sourceTree = "<group>"; };
		F5B67E021B7477B30036D56C /* Entity.swift */ = {isa = PBXFileReference; fileEncoding = 4; lastKnownFileType = sourcecode.swift; path = Entity.swift; sourceTree = "<group>"; };
		F5B67E041B7479CC0036D56C /* Icons.xcassets */ = {isa = PBXFileReference; lastKnownFileType = folder.assetcatalog; path = Icons.xcassets; sourceTree = "<group>"; };
		F5B67E081B759C7E0036D56C /* CharacterResource.swift */ = {isa = PBXFileReference; fileEncoding = 4; lastKnownFileType = sourcecode.swift; path = CharacterResource.swift; sourceTree = "<group>"; };
		F5B67E091B759C7E0036D56C /* DescriptiveStatistic.swift */ = {isa = PBXFileReference; fileEncoding = 4; lastKnownFileType = sourcecode.swift; path = DescriptiveStatistic.swift; sourceTree = "<group>"; };
		F5B67E0C1B75B0CB0036D56C /* GameCharacter.swift */ = {isa = PBXFileReference; fileEncoding = 4; lastKnownFileType = sourcecode.swift; path = GameCharacter.swift; sourceTree = "<group>"; };
		F5B67E0E1B75B67B0036D56C /* Math.swift */ = {isa = PBXFileReference; fileEncoding = 4; lastKnownFileType = sourcecode.swift; path = Math.swift; sourceTree = "<group>"; };
		F5B67E101B75BE300036D56C /* BattleScene.swift */ = {isa = PBXFileReference; fileEncoding = 4; lastKnownFileType = sourcecode.swift; path = BattleScene.swift; sourceTree = "<group>"; };
		F5B67E121B75C1060036D56C /* SceneController.swift */ = {isa = PBXFileReference; fileEncoding = 4; lastKnownFileType = sourcecode.swift; path = SceneController.swift; sourceTree = "<group>"; };
		F5B8803E1B86D30300AF7645 /* Skill.swift */ = {isa = PBXFileReference; fileEncoding = 4; lastKnownFileType = sourcecode.swift; path = Skill.swift; sourceTree = "<group>"; };
		F5B880401B89048100AF7645 /* SkillFactory.swift */ = {isa = PBXFileReference; fileEncoding = 4; lastKnownFileType = sourcecode.swift; path = SkillFactory.swift; sourceTree = "<group>"; };
		F5D5B8911B779A4F0067BBD2 /* GameplayScene.swift */ = {isa = PBXFileReference; fileEncoding = 4; lastKnownFileType = sourcecode.swift; path = GameplayScene.swift; sourceTree = "<group>"; };
		F5D5B8931B77A8140067BBD2 /* GraphicComponent.swift */ = {isa = PBXFileReference; fileEncoding = 4; lastKnownFileType = sourcecode.swift; path = GraphicComponent.swift; sourceTree = "<group>"; };
		F5D5B8951B77AACC0067BBD2 /* TouchSprite.swift */ = {isa = PBXFileReference; fileEncoding = 4; lastKnownFileType = sourcecode.swift; path = TouchSprite.swift; sourceTree = "<group>"; };
		F5D5B8971B78187F0067BBD2 /* Inventory.swift */ = {isa = PBXFileReference; fileEncoding = 4; lastKnownFileType = sourcecode.swift; path = Inventory.swift; sourceTree = "<group>"; };
		F5D5B8991B7818E50067BBD2 /* InventoryItem.swift */ = {isa = PBXFileReference; fileEncoding = 4; lastKnownFileType = sourcecode.swift; path = InventoryItem.swift; sourceTree = "<group>"; };
		F5D5B89B1B7852050067BBD2 /* CharacterMenuScene.swift */ = {isa = PBXFileReference; fileEncoding = 4; lastKnownFileType = sourcecode.swift; path = CharacterMenuScene.swift; sourceTree = "<group>"; };
		F5D5B89D1B7C532C0067BBD2 /* Battle.swift */ = {isa = PBXFileReference; fileEncoding = 4; lastKnownFileType = sourcecode.swift; path = Battle.swift; sourceTree = "<group>"; };
/* End PBXFileReference section */

/* Begin PBXFrameworksBuildPhase section */
		F5B67CC01B731BDC0036D56C /* Frameworks */ = {
			isa = PBXFrameworksBuildPhase;
			buildActionMask = 2147483647;
			files = (
			);
			runOnlyForDeploymentPostprocessing = 0;
		};
		F5B67CD91B731BDC0036D56C /* Frameworks */ = {
			isa = PBXFrameworksBuildPhase;
			buildActionMask = 2147483647;
			files = (
			);
			runOnlyForDeploymentPostprocessing = 0;
		};
/* End PBXFrameworksBuildPhase section */

/* Begin PBXGroup section */
		F5B3DA411B9CCBA60072A4F9 /* BattleScene */ = {
			isa = PBXGroup;
			children = (
				F5B67E101B75BE300036D56C /* BattleScene.swift */,
			);
			name = BattleScene;
			sourceTree = "<group>";
		};
		F5B3DA421B9CCBB40072A4F9 /* ExploreScene */ = {
			isa = PBXGroup;
			children = (
				F5B67DF01B7328760036D56C /* ExploreScene.swift */,
			);
			name = ExploreScene;
			sourceTree = "<group>";
		};
		F5B3DA431B9CCC220072A4F9 /* Model */ = {
			isa = PBXGroup;
			children = (
				F5B3DA461B9CCC920072A4F9 /* Battle */,
				F5D5B89F1B7C53370067BBD2 /* Character */,
				F5B3DA441B9CCC540072A4F9 /* Item */,
				F5B3DA451B9CCC7F0072A4F9 /* Skill */,
			);
			name = Model;
			sourceTree = "<group>";
		};
		F5B3DA441B9CCC540072A4F9 /* Item */ = {
			isa = PBXGroup;
			children = (
				F5D5B8991B7818E50067BBD2 /* InventoryItem.swift */,
				F5B3DA3F1B96B1280072A4F9 /* ItemFactory.swift */,
			);
			name = Item;
			sourceTree = "<group>";
		};
		F5B3DA451B9CCC7F0072A4F9 /* Skill */ = {
			isa = PBXGroup;
			children = (
				F5B8803E1B86D30300AF7645 /* Skill.swift */,
				F5B880401B89048100AF7645 /* SkillFactory.swift */,
			);
			name = Skill;
			sourceTree = "<group>";
		};
		F5B3DA461B9CCC920072A4F9 /* Battle */ = {
			isa = PBXGroup;
			children = (
				F5D5B89D1B7C532C0067BBD2 /* Battle.swift */,
			);
			name = Battle;
			sourceTree = "<group>";
		};
		F5B67CBA1B731BDC0036D56C = {
			isa = PBXGroup;
			children = (
				F5B67CC51B731BDC0036D56C /* SimpleDungeon */,
				F5B67DF61B732A2E0036D56C /* Resources */,
				F5B67CDF1B731BDC0036D56C /* SimpleDungeonTests */,
				F5B67CC41B731BDC0036D56C /* Products */,
			);
			sourceTree = "<group>";
		};
		F5B67CC41B731BDC0036D56C /* Products */ = {
			isa = PBXGroup;
			children = (
				F5B67CC31B731BDC0036D56C /* SimpleDungeon.app */,
				F5B67CDC1B731BDC0036D56C /* SimpleDungeonTests.xctest */,
			);
			name = Products;
			sourceTree = "<group>";
		};
		F5B67CC51B731BDC0036D56C /* SimpleDungeon */ = {
			isa = PBXGroup;
			children = (
				F5B3DA431B9CCC220072A4F9 /* Model */,
				F5B67DEB1B73274C0036D56C /* Util */,
				F5B67DED1B7327640036D56C /* Scenes */,
				F5B67DEC1B7327590036D56C /* App */,
				F5B67CC61B731BDC0036D56C /* Supporting Files */,
				F5B67E041B7479CC0036D56C /* Icons.xcassets */,
			);
			path = SimpleDungeon;
			sourceTree = "<group>";
		};
		F5B67CC61B731BDC0036D56C /* Supporting Files */ = {
			isa = PBXGroup;
			children = (
				F5B67CC71B731BDC0036D56C /* Info.plist */,
			);
			name = "Supporting Files";
			sourceTree = "<group>";
		};
		F5B67CDF1B731BDC0036D56C /* SimpleDungeonTests */ = {
			isa = PBXGroup;
			children = (
				F5B67CE21B731BDC0036D56C /* SimpleDungeonTests.swift */,
				F5B67CE01B731BDC0036D56C /* Supporting Files */,
			);
			path = SimpleDungeonTests;
			sourceTree = "<group>";
		};
		F5B67CE01B731BDC0036D56C /* Supporting Files */ = {
			isa = PBXGroup;
			children = (
				F5B67CE11B731BDC0036D56C /* Info.plist */,
			);
			name = "Supporting Files";
			sourceTree = "<group>";
		};
		F5B67DEB1B73274C0036D56C /* Util */ = {
			isa = PBXGroup;
			children = (
				F5B67DE61B7327240036D56C /* Notifier.swift */,
				F5B67DFE1B74760B0036D56C /* IPoint.swift */,
				F5B67E0E1B75B67B0036D56C /* Math.swift */,
			);
			name = Util;
			sourceTree = "<group>";
		};
		F5B67DEC1B7327590036D56C /* App */ = {
			isa = PBXGroup;
			children = (
				F5B67DE31B7327240036D56C /* AppDelegate.swift */,
				F5B67DE51B7327240036D56C /* GameViewController.swift */,
			);
			name = App;
			sourceTree = "<group>";
		};
		F5B67DED1B7327640036D56C /* Scenes */ = {
			isa = PBXGroup;
			children = (
				F5B67DF91B732AAD0036D56C /* UI */,
				F5B67DF81B732AA20036D56C /* PlayScenes */,
				F5B67DE41B7327240036D56C /* BaseScene.swift */,
				F5B67DEE1B7327730036D56C /* TitleScene.swift */,
				F5D5B8911B779A4F0067BBD2 /* GameplayScene.swift */,
				F5B67E121B75C1060036D56C /* SceneController.swift */,
			);
			name = Scenes;
			sourceTree = "<group>";
		};
		F5B67DF61B732A2E0036D56C /* Resources */ = {
			isa = PBXGroup;
			children = (
			);
			path = Resources;
			sourceTree = "<group>";
		};
		F5B67DF81B732AA20036D56C /* PlayScenes */ = {
			isa = PBXGroup;
			children = (
				F5B3DA411B9CCBA60072A4F9 /* BattleScene */,
				F5B8803D1B82F3EE00AF7645 /* CharacterDetailsScene */,
				F5B3DA421B9CCBB40072A4F9 /* ExploreScene */,
			);
			name = PlayScenes;
			sourceTree = "<group>";
		};
		F5B67DF91B732AAD0036D56C /* UI */ = {
			isa = PBXGroup;
			children = (
				F5D5B8931B77A8140067BBD2 /* GraphicComponent.swift */,
				F5B3DA471B9CCF480072A4F9 /* BattleGraphic.swift */,
				F5B67DFA1B732AC40036D56C /* Grid.swift */,
				F5B67DFC1B746F510036D56C /* TileSprite.swift */,
				F5D5B8951B77AACC0067BBD2 /* TouchSprite.swift */,
			);
			name = UI;
			sourceTree = "<group>";
		};
		F5B8803D1B82F3EE00AF7645 /* CharacterDetailsScene */ = {
			isa = PBXGroup;
			children = (
				F5D5B89B1B7852050067BBD2 /* CharacterMenuScene.swift */,
			);
			name = CharacterDetailsScene;
			sourceTree = "<group>";
		};
		F5D5B89F1B7C53370067BBD2 /* Character */ = {
			isa = PBXGroup;
			children = (
				F5D5B8971B78187F0067BBD2 /* Inventory.swift */,
				F5B67E021B7477B30036D56C /* Entity.swift */,
				F5B67E0C1B75B0CB0036D56C /* GameCharacter.swift */,
				F5B67E081B759C7E0036D56C /* CharacterResource.swift */,
				F5B67E091B759C7E0036D56C /* DescriptiveStatistic.swift */,
			);
			name = Character;
			sourceTree = "<group>";
		};
/* End PBXGroup section */

/* Begin PBXNativeTarget section */
		F5B67CC21B731BDC0036D56C /* SimpleDungeon */ = {
			isa = PBXNativeTarget;
			buildConfigurationList = F5B67CE61B731BDC0036D56C /* Build configuration list for PBXNativeTarget "SimpleDungeon" */;
			buildPhases = (
				F5B67CBF1B731BDC0036D56C /* Sources */,
				F5B67CC01B731BDC0036D56C /* Frameworks */,
				F5B67CC11B731BDC0036D56C /* Resources */,
			);
			buildRules = (
			);
			dependencies = (
			);
			name = SimpleDungeon;
			productName = SimpleDungeon;
			productReference = F5B67CC31B731BDC0036D56C /* SimpleDungeon.app */;
			productType = "com.apple.product-type.application";
		};
		F5B67CDB1B731BDC0036D56C /* SimpleDungeonTests */ = {
			isa = PBXNativeTarget;
			buildConfigurationList = F5B67CE91B731BDC0036D56C /* Build configuration list for PBXNativeTarget "SimpleDungeonTests" */;
			buildPhases = (
				F5B67CD81B731BDC0036D56C /* Sources */,
				F5B67CD91B731BDC0036D56C /* Frameworks */,
				F5B67CDA1B731BDC0036D56C /* Resources */,
			);
			buildRules = (
			);
			dependencies = (
				F5B67CDE1B731BDC0036D56C /* PBXTargetDependency */,
			);
			name = SimpleDungeonTests;
			productName = SimpleDungeonTests;
			productReference = F5B67CDC1B731BDC0036D56C /* SimpleDungeonTests.xctest */;
			productType = "com.apple.product-type.bundle.unit-test";
		};
/* End PBXNativeTarget section */

/* Begin PBXProject section */
		F5B67CBB1B731BDC0036D56C /* Project object */ = {
			isa = PBXProject;
			attributes = {
				LastSwiftMigration = 0700;
				LastSwiftUpdateCheck = 0700;
				LastUpgradeCheck = 0700;
				ORGANIZATIONNAME = "Todd Greener";
				TargetAttributes = {
					F5B67CC21B731BDC0036D56C = {
						CreatedOnToolsVersion = 6.4;
						DevelopmentTeam = 6LP8SH262R;
					};
					F5B67CDB1B731BDC0036D56C = {
						CreatedOnToolsVersion = 6.4;
						TestTargetID = F5B67CC21B731BDC0036D56C;
					};
				};
			};
			buildConfigurationList = F5B67CBE1B731BDC0036D56C /* Build configuration list for PBXProject "SimpleDungeon" */;
			compatibilityVersion = "Xcode 3.2";
			developmentRegion = English;
			hasScannedForEncodings = 0;
			knownRegions = (
				en,
				Base,
			);
			mainGroup = F5B67CBA1B731BDC0036D56C;
			productRefGroup = F5B67CC41B731BDC0036D56C /* Products */;
			projectDirPath = "";
			projectRoot = "";
			targets = (
				F5B67CC21B731BDC0036D56C /* SimpleDungeon */,
				F5B67CDB1B731BDC0036D56C /* SimpleDungeonTests */,
			);
		};
/* End PBXProject section */

/* Begin PBXResourcesBuildPhase section */
		F5B67CC11B731BDC0036D56C /* Resources */ = {
			isa = PBXResourcesBuildPhase;
			buildActionMask = 2147483647;
			files = (
				F5B67E051B7479CC0036D56C /* Icons.xcassets in Resources */,
			);
			runOnlyForDeploymentPostprocessing = 0;
		};
		F5B67CDA1B731BDC0036D56C /* Resources */ = {
			isa = PBXResourcesBuildPhase;
			buildActionMask = 2147483647;
			files = (
			);
			runOnlyForDeploymentPostprocessing = 0;
		};
/* End PBXResourcesBuildPhase section */

/* Begin PBXSourcesBuildPhase section */
		F5B67CBF1B731BDC0036D56C /* Sources */ = {
			isa = PBXSourcesBuildPhase;
			buildActionMask = 2147483647;
			files = (
				F5B67DFD1B746F510036D56C /* TileSprite.swift in Sources */,
				F5B67DE71B7327240036D56C /* AppDelegate.swift in Sources */,
				F5D5B89E1B7C532C0067BBD2 /* Battle.swift in Sources */,
				F5D5B8941B77A8140067BBD2 /* GraphicComponent.swift in Sources */,
				F5B880411B89048100AF7645 /* SkillFactory.swift in Sources */,
				F5B67E131B75C1060036D56C /* SceneController.swift in Sources */,
				F5B3DA481B9CCF480072A4F9 /* BattleGraphic.swift in Sources */,
				F5B67DEA1B7327240036D56C /* Notifier.swift in Sources */,
				F5D5B89C1B7852050067BBD2 /* CharacterMenuScene.swift in Sources */,
				F5B67E0F1B75B67B0036D56C /* Math.swift in Sources */,
				F5B67DE91B7327240036D56C /* GameViewController.swift in Sources */,
				F5B67DE81B7327240036D56C /* BaseScene.swift in Sources */,
				F5B3DA401B96B1280072A4F9 /* ItemFactory.swift in Sources */,
				F5B67DF11B7328760036D56C /* ExploreScene.swift in Sources */,
				F5B67E031B7477B30036D56C /* Entity.swift in Sources */,
				F5B67DFF1B74760B0036D56C /* IPoint.swift in Sources */,
				F5D5B8961B77AACC0067BBD2 /* TouchSprite.swift in Sources */,
				F5D5B89A1B7818E50067BBD2 /* InventoryItem.swift in Sources */,
				F5D5B8981B78187F0067BBD2 /* Inventory.swift in Sources */,
				F5D5B8921B779A4F0067BBD2 /* GameplayScene.swift in Sources */,
				F5B67E0A1B759C7E0036D56C /* CharacterResource.swift in Sources */,
				F5B67DFB1B732AC40036D56C /* Grid.swift in Sources */,
				F5B67E0D1B75B0CB0036D56C /* GameCharacter.swift in Sources */,
				F5B67E111B75BE300036D56C /* BattleScene.swift in Sources */,
				F5B8803F1B86D30300AF7645 /* Skill.swift in Sources */,
				F5B67DEF1B7327730036D56C /* TitleScene.swift in Sources */,
				F5B67E0B1B759C7E0036D56C /* DescriptiveStatistic.swift in Sources */,
			);
			runOnlyForDeploymentPostprocessing = 0;
		};
		F5B67CD81B731BDC0036D56C /* Sources */ = {
			isa = PBXSourcesBuildPhase;
			buildActionMask = 2147483647;
			files = (
				F5B67CE31B731BDC0036D56C /* SimpleDungeonTests.swift in Sources */,
			);
			runOnlyForDeploymentPostprocessing = 0;
		};
/* End PBXSourcesBuildPhase section */

/* Begin PBXTargetDependency section */
		F5B67CDE1B731BDC0036D56C /* PBXTargetDependency */ = {
			isa = PBXTargetDependency;
			target = F5B67CC21B731BDC0036D56C /* SimpleDungeon */;
			targetProxy = F5B67CDD1B731BDC0036D56C /* PBXContainerItemProxy */;
		};
/* End PBXTargetDependency section */

/* Begin XCBuildConfiguration section */
		F5B67CE41B731BDC0036D56C /* Debug */ = {
			isa = XCBuildConfiguration;
			buildSettings = {
				ALWAYS_SEARCH_USER_PATHS = NO;
				CLANG_CXX_LANGUAGE_STANDARD = "gnu++0x";
				CLANG_CXX_LIBRARY = "libc++";
				CLANG_ENABLE_MODULES = YES;
				CLANG_ENABLE_OBJC_ARC = YES;
				CLANG_WARN_BOOL_CONVERSION = YES;
				CLANG_WARN_CONSTANT_CONVERSION = YES;
				CLANG_WARN_DIRECT_OBJC_ISA_USAGE = YES_ERROR;
				CLANG_WARN_EMPTY_BODY = YES;
				CLANG_WARN_ENUM_CONVERSION = YES;
				CLANG_WARN_INT_CONVERSION = YES;
				CLANG_WARN_OBJC_ROOT_CLASS = YES_ERROR;
				CLANG_WARN_UNREACHABLE_CODE = YES;
				CLANG_WARN__DUPLICATE_METHOD_MATCH = YES;
				"CODE_SIGN_IDENTITY[sdk=iphoneos*]" = "iPhone Developer";
				COPY_PHASE_STRIP = NO;
				DEBUG_INFORMATION_FORMAT = "dwarf-with-dsym";
				ENABLE_STRICT_OBJC_MSGSEND = YES;
				ENABLE_TESTABILITY = YES;
				GCC_C_LANGUAGE_STANDARD = gnu99;
				GCC_DYNAMIC_NO_PIC = NO;
				GCC_NO_COMMON_BLOCKS = YES;
				GCC_OPTIMIZATION_LEVEL = 0;
				GCC_PREPROCESSOR_DEFINITIONS = (
					"DEBUG=1",
					"$(inherited)",
				);
				GCC_SYMBOLS_PRIVATE_EXTERN = NO;
				GCC_WARN_64_TO_32_BIT_CONVERSION = YES;
				GCC_WARN_ABOUT_RETURN_TYPE = YES_ERROR;
				GCC_WARN_UNDECLARED_SELECTOR = YES;
				GCC_WARN_UNINITIALIZED_AUTOS = YES_AGGRESSIVE;
				GCC_WARN_UNUSED_FUNCTION = YES;
				GCC_WARN_UNUSED_VARIABLE = YES;
				IPHONEOS_DEPLOYMENT_TARGET = 8.4;
				MTL_ENABLE_DEBUG_INFO = YES;
				ONLY_ACTIVE_ARCH = YES;
				SDKROOT = iphoneos;
				SWIFT_OPTIMIZATION_LEVEL = "-Onone";
				TARGETED_DEVICE_FAMILY = "1,2";
			};
			name = Debug;
		};
		F5B67CE51B731BDC0036D56C /* Release */ = {
			isa = XCBuildConfiguration;
			buildSettings = {
				ALWAYS_SEARCH_USER_PATHS = NO;
				CLANG_CXX_LANGUAGE_STANDARD = "gnu++0x";
				CLANG_CXX_LIBRARY = "libc++";
				CLANG_ENABLE_MODULES = YES;
				CLANG_ENABLE_OBJC_ARC = YES;
				CLANG_WARN_BOOL_CONVERSION = YES;
				CLANG_WARN_CONSTANT_CONVERSION = YES;
				CLANG_WARN_DIRECT_OBJC_ISA_USAGE = YES_ERROR;
				CLANG_WARN_EMPTY_BODY = YES;
				CLANG_WARN_ENUM_CONVERSION = YES;
				CLANG_WARN_INT_CONVERSION = YES;
				CLANG_WARN_OBJC_ROOT_CLASS = YES_ERROR;
				CLANG_WARN_UNREACHABLE_CODE = YES;
				CLANG_WARN__DUPLICATE_METHOD_MATCH = YES;
				"CODE_SIGN_IDENTITY[sdk=iphoneos*]" = "iPhone Developer";
				COPY_PHASE_STRIP = NO;
				DEBUG_INFORMATION_FORMAT = "dwarf-with-dsym";
				ENABLE_NS_ASSERTIONS = NO;
				ENABLE_STRICT_OBJC_MSGSEND = YES;
				GCC_C_LANGUAGE_STANDARD = gnu99;
				GCC_NO_COMMON_BLOCKS = YES;
				GCC_WARN_64_TO_32_BIT_CONVERSION = YES;
				GCC_WARN_ABOUT_RETURN_TYPE = YES_ERROR;
				GCC_WARN_UNDECLARED_SELECTOR = YES;
				GCC_WARN_UNINITIALIZED_AUTOS = YES_AGGRESSIVE;
				GCC_WARN_UNUSED_FUNCTION = YES;
				GCC_WARN_UNUSED_VARIABLE = YES;
				IPHONEOS_DEPLOYMENT_TARGET = 8.4;
				MTL_ENABLE_DEBUG_INFO = NO;
				SDKROOT = iphoneos;
				TARGETED_DEVICE_FAMILY = "1,2";
				VALIDATE_PRODUCT = YES;
			};
			name = Release;
		};
		F5B67CE71B731BDC0036D56C /* Debug */ = {
			isa = XCBuildConfiguration;
			buildSettings = {
				ASSETCATALOG_COMPILER_APPICON_NAME = AppIcon;
				CODE_SIGN_IDENTITY = "iPhone Developer";
				INFOPLIST_FILE = SimpleDungeon/Info.plist;
				LD_RUNPATH_SEARCH_PATHS = "$(inherited) @executable_path/Frameworks";
				PRODUCT_BUNDLE_IDENTIFIER = "org.toddgreener.$(PRODUCT_NAME:rfc1034identifier)";
				PRODUCT_NAME = "$(TARGET_NAME)";
			};
			name = Debug;
		};
		F5B67CE81B731BDC0036D56C /* Release */ = {
			isa = XCBuildConfiguration;
			buildSettings = {
				ASSETCATALOG_COMPILER_APPICON_NAME = AppIcon;
				CODE_SIGN_IDENTITY = "iPhone Developer";
				INFOPLIST_FILE = SimpleDungeon/Info.plist;
				LD_RUNPATH_SEARCH_PATHS = "$(inherited) @executable_path/Frameworks";
				PRODUCT_BUNDLE_IDENTIFIER = "org.toddgreener.$(PRODUCT_NAME:rfc1034identifier)";
				PRODUCT_NAME = "$(TARGET_NAME)";
			};
			name = Release;
		};
		F5B67CEA1B731BDC0036D56C /* Debug */ = {
			isa = XCBuildConfiguration;
			buildSettings = {
				BUNDLE_LOADER = "$(TEST_HOST)";
				FRAMEWORK_SEARCH_PATHS = (
					"$(SDKROOT)/Developer/Library/Frameworks",
					"$(inherited)",
				);
				GCC_PREPROCESSOR_DEFINITIONS = (
					"DEBUG=1",
					"$(inherited)",
				);
				INFOPLIST_FILE = SimpleDungeonTests/Info.plist;
				LD_RUNPATH_SEARCH_PATHS = "$(inherited) @executable_path/Frameworks @loader_path/Frameworks";
				PRODUCT_BUNDLE_IDENTIFIER = "org.toddgreener.$(PRODUCT_NAME:rfc1034identifier)";
				PRODUCT_NAME = "$(TARGET_NAME)";
				TEST_HOST = "$(BUILT_PRODUCTS_DIR)/SimpleDungeon.app/SimpleDungeon";
			};
			name = Debug;
		};
		F5B67CEB1B731BDC0036D56C /* Release */ = {
			isa = XCBuildConfiguration;
			buildSettings = {
				BUNDLE_LOADER = "$(TEST_HOST)";
				FRAMEWORK_SEARCH_PATHS = (
					"$(SDKROOT)/Developer/Library/Frameworks",
					"$(inherited)",
				);
				INFOPLIST_FILE = SimpleDungeonTests/Info.plist;
				LD_RUNPATH_SEARCH_PATHS = "$(inherited) @executable_path/Frameworks @loader_path/Frameworks";
				PRODUCT_BUNDLE_IDENTIFIER = "org.toddgreener.$(PRODUCT_NAME:rfc1034identifier)";
				PRODUCT_NAME = "$(TARGET_NAME)";
				TEST_HOST = "$(BUILT_PRODUCTS_DIR)/SimpleDungeon.app/SimpleDungeon";
			};
			name = Release;
		};
/* End XCBuildConfiguration section */

/* Begin XCConfigurationList section */
		F5B67CBE1B731BDC0036D56C /* Build configuration list for PBXProject "SimpleDungeon" */ = {
			isa = XCConfigurationList;
			buildConfigurations = (
				F5B67CE41B731BDC0036D56C /* Debug */,
				F5B67CE51B731BDC0036D56C /* Release */,
			);
			defaultConfigurationIsVisible = 0;
			defaultConfigurationName = Release;
		};
		F5B67CE61B731BDC0036D56C /* Build configuration list for PBXNativeTarget "SimpleDungeon" */ = {
			isa = XCConfigurationList;
			buildConfigurations = (
				F5B67CE71B731BDC0036D56C /* Debug */,
				F5B67CE81B731BDC0036D56C /* Release */,
			);
			defaultConfigurationIsVisible = 0;
			defaultConfigurationName = Release;
		};
		F5B67CE91B731BDC0036D56C /* Build configuration list for PBXNativeTarget "SimpleDungeonTests" */ = {
			isa = XCConfigurationList;
			buildConfigurations = (
				F5B67CEA1B731BDC0036D56C /* Debug */,
				F5B67CEB1B731BDC0036D56C /* Release */,
			);
			defaultConfigurationIsVisible = 0;
			defaultConfigurationName = Release;
		};
/* End XCConfigurationList section */
	};
	rootObject = F5B67CBB1B731BDC0036D56C /* Project object */;
}
